
Microsoft Visual Studio Solution File, Format Version 12.00
# Visual Studio Version 17
VisualStudioVersion = 17.5.002.0
MinimumVisualStudioVersion = 10.0.40219.1
Project("{9A19103F-16F7-4668-BE54-9A1E7A4F7556}") = "project", "project.csproj", "{13B322BB-4189-401E-84B9-8C213939E048}"
EndProject
Global
	GlobalSection(SolutionConfigurationPlatforms) = preSolution
		Debug|Any CPU = Debug|Any CPU
		Release|Any CPU = Release|Any CPU
	EndGlobalSection
	GlobalSection(ProjectConfigurationPlatforms) = postSolution
		{13B322BB-4189-401E-84B9-8C213939E048}.Debug|Any CPU.ActiveCfg = Debug|Any CPU
		{13B322BB-4189-401E-84B9-8C213939E048}.Debug|Any CPU.Build.0 = Debug|Any CPU
		{13B322BB-4189-401E-84B9-8C213939E048}.Release|Any CPU.ActiveCfg = Release|Any CPU
		{13B322BB-4189-401E-84B9-8C213939E048}.Release|Any CPU.Build.0 = Release|Any CPU
	EndGlobalSection
	GlobalSection(SolutionProperties) = preSolution
		HideSolutionNode = FALSE
	EndGlobalSection
	GlobalSection(ExtensibilityGlobals) = postSolution
		SolutionGuid = {0DCC0C55-4BE4-49DE-B181-D4EAC431C0A9}
	EndGlobalSection
EndGlobal
